
Microsoft Visual Studio Solution File, Format Version 12.00
# Visual Studio Version 16
VisualStudioVersion = 16.0.33529.622
MinimumVisualStudioVersion = 10.0.40219.1
Project("{FAE04EC0-301F-11D3-BF4B-00C04F79EFBC}") = "WebService3", "WebService3.csproj", "{F80BDAB1-F407-40E1-803D-2C2655BFCC3D}"
EndProject
Global
	GlobalSection(SolutionConfigurationPlatforms) = preSolution
		Debug|Any CPU = Debug|Any CPU
		Release|Any CPU = Release|Any CPU
	EndGlobalSection
	GlobalSection(ProjectConfigurationPlatforms) = postSolution
		{F80BDAB1-F407-40E1-803D-2C2655BFCC3D}.Debug|Any CPU.ActiveCfg = Debug|Any CPU
		{F80BDAB1-F407-40E1-803D-2C2655BFCC3D}.Debug|Any CPU.Build.0 = Debug|Any CPU
		{F80BDAB1-F407-40E1-803D-2C2655BFCC3D}.Release|Any CPU.ActiveCfg = Release|Any CPU
		{F80BDAB1-F407-40E1-803D-2C2655BFCC3D}.Release|Any CPU.Build.0 = Release|Any CPU
	EndGlobalSection
	GlobalSection(SolutionProperties) = preSolution
		HideSolutionNode = FALSE
	EndGlobalSection
	GlobalSection(ExtensibilityGlobals) = postSolution
		SolutionGuid = {A9FCA7D7-FB25-44C7-A525-68DBC74BDF7B}
	EndGlobalSection
EndGlobal
